# This file is automatically @generated by Cargo.
# It is not intended for manual editing.
version = 3

[[package]]
name = "cfg-if"
version = "1.0.4"
source = "registry+https://github.com/rust-lang/crates.io-index"
checksum = "9330f8b2ff13f34540b44e946ef35111825727b38d33286ef986142615121801"

[[package]]
name = "getrandom"
version = "0.2.17"
source = "registry+https://github.com/rust-lang/crates.io-index"
checksum = "ff2abc00be7fca6ebc474524697ae276ad847ad0a6b3faa4bcb027e9a4614ad0"
dependencies = [
 "cfg-if",
 "libc",
 "wasi",
]

[[package]]
name = "latencydesk-client"
version = "0.1.0-alpha.2"
dependencies = [
 "latencydesk-codec",
 "latencydesk-frame",
 "latencydesk-h264",
 "latencydesk-input",
 "latencydesk-media",
 "latencydesk-protocol",
 "latencydesk-session",
 "latencydesk-socket-transport",
 "latencydesk-test-codec",
 "latencydesk-transport",
]

[[package]]
name = "latencydesk-codec"
version = "0.1.0-alpha.2"
dependencies = [
 "latencydesk-frame",
 "latencydesk-media",
]

[[package]]
name = "latencydesk-frame"
version = "0.1.0-alpha.2"
dependencies = [
 "latencydesk-media",
]

[[package]]
name = "latencydesk-h264"
version = "0.1.0-alpha.2"
dependencies = [
 "latencydesk-media",
]

[[package]]
name = "latencydesk-host"
version = "0.1.0-alpha.2"
dependencies = [
 "latencydesk-codec",
 "latencydesk-frame",
 "latencydesk-h264",
 "latencydesk-input",
 "latencydesk-media",
 "latencydesk-protocol",
 "latencydesk-scheduler",
 "latencydesk-session",
 "latencydesk-socket-transport",
 "latencydesk-test-codec",
 "latencydesk-transport",
]

[[package]]
name = "latencydesk-input"
version = "0.1.0-alpha.2"

[[package]]
name = "latencydesk-lab"
version = "0.1.0-alpha.2"
dependencies = [
 "latencydesk-testkit",
 "latencydesk-transport",
]

[[package]]
name = "latencydesk-media"
version = "0.1.0-alpha.2"

[[package]]
name = "latencydesk-platform"
version = "0.1.0-alpha.2"
dependencies = [
 "latencydesk-input",
 "latencydesk-media",
 "latencydesk-surface",
]

[[package]]
name = "latencydesk-platform-linux"
version = "0.1.0-alpha.2"
dependencies = [
 "latencydesk-codec",
 "latencydesk-frame",
 "latencydesk-h264",
 "latencydesk-input",
 "latencydesk-media",
 "latencydesk-platform",
 "latencydesk-surface",
]

[[package]]
name = "latencydesk-platform-windows"
version = "0.1.0-alpha.2"
dependencies = [
 "latencydesk-h264",
 "latencydesk-input",
 "latencydesk-media",
 "latencydesk-platform",
 "latencydesk-surface",
]

[[package]]
name = "latencydesk-protocol"
version = "0.1.0-alpha.2"

[[package]]
name = "latencydesk-scheduler"
version = "0.1.0-alpha.2"

[[package]]
name = "latencydesk-session"
version = "0.1.0-alpha.2"
dependencies = [
 "getrandom",
 "latencydesk-protocol",
]

[[package]]
name = "latencydesk-socket-transport"
version = "0.1.0-alpha.2"
dependencies = [
 "latencydesk-protocol",
 "latencydesk-transport",
]

[[package]]
name = "latencydesk-stress"
version = "0.1.0-alpha.2"
dependencies = [
 "latencydesk-testkit",
 "latencydesk-transport",
]

[[package]]
name = "latencydesk-surface"
version = "0.1.0-alpha.2"
dependencies = [
 "latencydesk-media",
]

[[package]]
name = "latencydesk-telemetry"
version = "0.1.0-alpha.2"

[[package]]
name = "latencydesk-test-codec"
version = "0.1.0-alpha.2"
dependencies = [
 "latencydesk-frame",
]

[[package]]
name = "latencydesk-testkit"
version = "0.1.0-alpha.2"
dependencies = [
 "latencydesk-frame",
 "latencydesk-input",
 "latencydesk-protocol",
 "latencydesk-telemetry",
 "latencydesk-test-codec",
 "latencydesk-transport",
]

[[package]]
name = "latencydesk-transport"
version = "0.1.0-alpha.2"
dependencies = [
 "latencydesk-protocol",
]

[[package]]
name = "latencydesk-udp-loopback"
version = "0.1.0-alpha.2"
dependencies = [
 "latencydesk-frame",
 "latencydesk-protocol",
 "latencydesk-socket-transport",
 "latencydesk-test-codec",
 "latencydesk-transport",
]

[[package]]
name = "libc"
version = "0.2.189"
source = "registry+https://github.com/rust-lang/crates.io-index"
checksum = "3eaf3ede3fee6db1a4c2ee091bf8a8b4dccdc6d17f656fb07896ee72867612f2"

[[package]]
name = "wasi"
version = "0.11.1+wasi-snapshot-preview1"
source = "registry+https://github.com/rust-lang/crates.io-index"
checksum = "ccf3ec651a847eb01de73ccad15eb7d99f80485de043efb2f370cd654f4ea44b"
